// !$*UTF8*$!
{
	archiveVersion = 1;
	classes = {
	};
	objectVersion = 50;
	objects = {

/* Begin PBXBuildFile section */
		425A5BF72167F3D300A26866 /* Slide.xib in Resources */ = {isa = PBXBuildFile; fileRef = 425A5BF62167F3D300A26866 /* Slide.xib */; };
		42DDE05C2167E2AB0050F869 /* AppDelegate.swift in Sources */ = {isa = PBXBuildFile; fileRef = 42DDE05B2167E2AB0050F869 /* AppDelegate.swift */; };
		42DDE05E2167E2AB0050F869 /* ViewController.swift in Sources */ = {isa = PBXBuildFile; fileRef = 42DDE05D2167E2AB0050F869 /* ViewController.swift */; };
		42DDE0612167E2AB0050F869 /* Main.storyboard in Resources */ = {isa = PBXBuildFile; fileRef = 42DDE05F2167E2AB0050F869 /* Main.storyboard */; };
		42DDE0632167E2AD0050F869 /* Assets.xcassets in Resources */ = {isa = PBXBuildFile; fileRef = 42DDE0622167E2AD0050F869 /* Assets.xcassets */; };
		42DDE0662167E2AD0050F869 /* LaunchScreen.storyboard in Resources */ = {isa = PBXBuildFile; fileRef = 42DDE0642167E2AD0050F869 /* LaunchScreen.storyboard */; };
		42DDE06E2167E35A0050F869 /* Slide.swift in Sources */ = {isa = PBXBuildFile; fileRef = 42DDE06D2167E35A0050F869 /* Slide.swift */; };
/* End PBXBuildFile section */

/* Begin PBXFileReference section */
		42141C43216B35DC00AC8036 /* aaadadfas.entitlements */ = {isa = PBXFileReference; lastKnownFileType = text.plist.entitlements; path = aaadadfas.entitlements; sourceTree = "<group>"; };
		425A5BF62167F3D300A26866 /* Slide.xib */ = {isa = PBXFileReference; lastKnownFileType = file.xib; path = Slide.xib; sourceTree = "<group>"; };
		42DDE0582167E2AB0050F869 /* aaadadfas.app */ = {isa = PBXFileReference; explicitFileType = wrapper.application; includeInIndex = 0; path = aaadadfas.app; sourceTree = BUILT_PRODUCTS_DIR; };
		42DDE05B2167E2AB0050F869 /* AppDelegate.swift */ = {isa = PBXFileReference; lastKnownFileType = sourcecode.swift; path = AppDelegate.swift; sourceTree = "<group>"; };
		42DDE05D2167E2AB0050F869 /* ViewController.swift */ = {isa = PBXFileReference; lastKnownFileType = sourcecode.swift; path = ViewController.swift; sourceTree = "<group>"; };
		42DDE0602167E2AB0050F869 /* Base */ = {isa = PBXFileReference; lastKnownFileType = file.storyboard; name = Base; path = Base.lproj/Main.storyboard; sourceTree = "<group>"; };
		42DDE0622167E2AD0050F869 /* Assets.xcassets */ = {isa = PBXFileReference; lastKnownFileType = folder.assetcatalog; path = Assets.xcassets; sourceTree = "<group>"; };
		42DDE0652167E2AD0050F869 /* Base */ = {isa = PBXFileReference; lastKnownFileType = file.storyboard; name = Base; path = Base.lproj/LaunchScreen.storyboard; sourceTree = "<group>"; };
		42DDE0672167E2AD0050F869 /* Info.plist */ = {isa = PBXFileReference; lastKnownFileType = text.plist.xml; path = Info.plist; sourceTree = "<group>"; };
		42DDE06D2167E35A0050F869 /* Slide.swift */ = {isa = PBXFileReference; lastKnownFileType = sourcecode.swift; path = Slide.swift; sourceTree = "<group>"; };
/* End PBXFileReference section */

/* Begin PBXFrameworksBuildPhase section */
		42DDE0552167E2AB0050F869 /* Frameworks */ = {
			isa = PBXFrameworksBuildPhase;
			buildActionMask = 2147483647;
			files = (
			);
			runOnlyForDeploymentPostprocessing = 0;
		};
/* End PBXFrameworksBuildPhase section */

/* Begin PBXGroup section */
		42141C40216B35DC00AC8036 /* Frameworks */ = {
			isa = PBXGroup;
			children = (
			);
			name = Frameworks;
			sourceTree = "<group>";
		};
		42DDE04F2167E2AB0050F869 = {
			isa = PBXGroup;
			children = (
				42DDE05A2167E2AB0050F869 /* aaadadfas */,
				42DDE0592167E2AB0050F869 /* Products */,
				42141C40216B35DC00AC8036 /* Frameworks */,
			);
			sourceTree = "<group>";
		};
		42DDE0592167E2AB0050F869 /* Products */ = {
			isa = PBXGroup;
			children = (
				42DDE0582167E2AB0050F869 /* aaadadfas.app */,
			);
			name = Products;
			sourceTree = "<group>";
		};
		42DDE05A2167E2AB0050F869 /* aaadadfas */ = {
			isa = PBXGroup;
			children = (
				42141C43216B35DC00AC8036 /* aaadadfas.entitlements */,
				42DDE05B2167E2AB0050F869 /* AppDelegate.swift */,
				42DDE05D2167E2AB0050F869 /* ViewController.swift */,
				42DDE05F2167E2AB0050F869 /* Main.storyboard */,
				425A5BF62167F3D300A26866 /* Slide.xib */,
				42DDE06D2167E35A0050F869 /* Slide.swift */,
				42DDE0622167E2AD0050F869 /* Assets.xcassets */,
				42DDE0642167E2AD0050F869 /* LaunchScreen.storyboard */,
				42DDE0672167E2AD0050F869 /* Info.plist */,
			);
			path = aaadadfas;
			sourceTree = "<group>";
		};
/* End PBXGroup section */

/* Begin PBXNativeTarget section */
		42DDE0572167E2AB0050F869 /* aaadadfas */ = {
			isa = PBXNativeTarget;
			buildConfigurationList = 42DDE06A2167E2AD0050F869 /* Build configuration list for PBXNativeTarget "aaadadfas" */;
			buildPhases = (
				42DDE0542167E2AB0050F869 /* Sources */,
				42DDE0552167E2AB0050F869 /* Frameworks */,
				42DDE0562167E2AB0050F869 /* Resources */,
			);
			buildRules = (
			);
			dependencies = (
			);
			name = aaadadfas;
			productName = aaadadfas;
			productReference = 42DDE0582167E2AB0050F869 /* aaadadfas.app */;
			productType = "com.apple.product-type.application";
		};
/* End PBXNativeTarget section */

/* Begin PBXProject section */
		42DDE0502167E2AB0050F869 /* Project object */ = {
			isa = PBXProject;
			attributes = {
				LastSwiftUpdateCheck = 1000;
				LastUpgradeCheck = 1000;
				ORGANIZATIONNAME = iAnh;
				TargetAttributes = {
					42DDE0572167E2AB0050F869 = {
						CreatedOnToolsVersion = 10.0;
						SystemCapabilities = {
							com.apple.InterAppAudio = {
								enabled = 0;
							};
						};
					};
				};
			};
			buildConfigurationList = 42DDE0532167E2AB0050F869 /* Build configuration list for PBXProject "aaadadfas" */;
			compatibilityVersion = "Xcode 9.3";
			developmentRegion = en;
			hasScannedForEncodings = 0;
			knownRegions = (
				en,
				Base,
			);
			mainGroup = 42DDE04F2167E2AB0050F869;
			productRefGroup = 42DDE0592167E2AB0050F869 /* Products */;
			projectDirPath = "";
			projectRoot = "";
			targets = (
				42DDE0572167E2AB0050F869 /* aaadadfas */,
			);
		};
/* End PBXProject section */

/* Begin PBXResourcesBuildPhase section */
		42DDE0562167E2AB0050F869 /* Resources */ = {
			isa = PBXResourcesBuildPhase;
			buildActionMask = 2147483647;
			files = (
				425A5BF72167F3D300A26866 /* Slide.xib in Resources */,
				42DDE0662167E2AD0050F869 /* LaunchScreen.storyboard in Resources */,
				42DDE0632167E2AD0050F869 /* Assets.xcassets in Resources */,
				42DDE0612167E2AB0050F869 /* Main.storyboard in Resources */,
			);
			runOnlyForDeploymentPostprocessing = 0;
		};
/* End PBXResourcesBuildPhase section */

/* Begin PBXSourcesBuildPhase section */
		42DDE0542167E2AB0050F869 /* Sources */ = {
			isa = PBXSourcesBuildPhase;
			buildActionMask = 2147483647;
			files = (
				42DDE05E2167E2AB0050F869 /* ViewController.swift in Sources */,
				42DDE06E2167E35A0050F869 /* Slide.swift in Sources */,
				42DDE05C2167E2AB0050F869 /* AppDelegate.swift in Sources */,
			);
			runOnlyForDeploymentPostprocessing = 0;
		};
/* End PBXSourcesBuildPhase section */

/* Begin PBXVariantGroup section */
		42DDE05F2167E2AB0050F869 /* Main.storyboard */ = {
			isa = PBXVariantGroup;
			children = (
				42DDE0602167E2AB0050F869 /* Base */,
			);
			name = Main.storyboard;
			sourceTree = "<group>";
		};
		42DDE0642167E2AD0050F869 /* LaunchScreen.storyboard */ = {
			isa = PBXVariantGroup;
			children = (
				42DDE0652167E2AD0050F869 /* Base */,
			);
			name = LaunchScreen.storyboard;
			sourceTree = "<group>";
		};
/* End PBXVariantGroup section */

/* Begin XCBuildConfiguration section */
		42DDE0682167E2AD0050F869 /* Debug */ = {
			isa = XCBuildConfiguration;
			buildSettings = {
				ALWAYS_SEARCH_USER_PATHS = NO;
				CLANG_ANALYZER_NONNULL = YES;
				CLANG_ANALYZER_NUMBER_OBJECT_CONVERSION = YES_AGGRESSIVE;
				CLANG_CXX_LANGUAGE_STANDARD = "gnu++14";
				CLANG_CXX_LIBRARY = "libc++";
				CLANG_ENABLE_MODULES = YES;
				CLANG_ENABLE_OBJC_ARC = YES;
				CLANG_ENABLE_OBJC_WEAK = YES;
				CLANG_WARN_BLOCK_CAPTURE_AUTORELEASING = YES;
				CLANG_WARN_BOOL_CONVERSION = YES;
				CLANG_WARN_COMMA = YES;
				CLANG_WARN_CONSTANT_CONVERSION = YES;
				CLANG_WARN_DEPRECATED_OBJC_IMPLEMENTATIONS = YES;
				CLANG_WARN_DIRECT_OBJC_ISA_USAGE = YES_ERROR;
				CLANG_WARN_DOCUMENTATION_COMMENTS = YES;
				CLANG_WARN_EMPTY_BODY = YES;
				CLANG_WARN_ENUM_CONVERSION = YES;
				CLANG_WARN_INFINITE_RECURSION = YES;
				CLANG_WARN_INT_CONVERSION = YES;
				CLANG_WARN_NON_LITERAL_NULL_CONVERSION = YES;
				CLANG_WARN_OBJC_IMPLICIT_RETAIN_SELF = YES;
				CLANG_WARN_OBJC_LITERAL_CONVERSION = YES;
				CLANG_WARN_OBJC_ROOT_CLASS = YES_ERROR;
				CLANG_WARN_RANGE_LOOP_ANALYSIS = YES;
				CLANG_WARN_STRICT_PROTOTYPES = YES;
				CLANG_WARN_SUSPICIOUS_MOVE = YES;
				CLANG_WARN_UNGUARDED_AVAILABILITY = YES_AGGRESSIVE;
				CLANG_WARN_UNREACHABLE_CODE = YES;
				CLANG_WARN__DUPLICATE_METHOD_MATCH = YES;
				CODE_SIGN_IDENTITY = "iPhone Developer";
				COPY_PHASE_STRIP = NO;
				DEBUG_INFORMATION_FORMAT = dwarf;
				ENABLE_STRICT_OBJC_MSGSEND = YES;
				ENABLE_TESTABILITY = YES;
				GCC_C_LANGUAGE_STANDARD = gnu11;
				GCC_DYNAMIC_NO_PIC = NO;
				GCC_NO_COMMON_BLOCKS = YES;
				GCC_OPTIMIZATION_LEVEL = 0;
				GCC_PREPROCESSOR_DEFINITIONS = (
					"DEBUG=1",
					"$(inherited)",
				);
				GCC_WARN_64_TO_32_BIT_CONVERSION = YES;
				GCC_WARN_ABOUT_RETURN_TYPE = YES_ERROR;
				GCC_WARN_UNDECLARED_SELECTOR = YES;
				GCC_WARN_UNINITIALIZED_AUTOS = YES_AGGRESSIVE;
				GCC_WARN_UNUSED_FUNCTION = YES;
				GCC_WARN_UNUSED_VARIABLE = YES;
				IPHONEOS_DEPLOYMENT_TARGET = 12.0;
				MTL_ENABLE_DEBUG_INFO = INCLUDE_SOURCE;
				MTL_FAST_MATH = YES;
				ONLY_ACTIVE_ARCH = YES;
				SDKROOT = iphoneos;
				SWIFT_ACTIVE_COMPILATION_CONDITIONS = DEBUG;
				SWIFT_OPTIMIZATION_LEVEL = "-Onone";
			};
			name = Debug;
		};
		42DDE0692167E2AD0050F869 /* Release */ = {
			isa = XCBuildConfiguration;
			buildSettings = {
				ALWAYS_SEARCH_USER_PATHS = NO;
				CLANG_ANALYZER_NONNULL = YES;
				CLANG_ANALYZER_NUMBER_OBJECT_CONVERSION = YES_AGGRESSIVE;
				CLANG_CXX_LANGUAGE_STANDARD = "gnu++14";
				CLANG_CXX_LIBRARY = "libc++";
				CLANG_ENABLE_MODULES = YES;
				CLANG_ENABLE_OBJC_ARC = YES;
				CLANG_ENABLE_OBJC_WEAK = YES;
				CLANG_WARN_BLOCK_CAPTURE_AUTORELEASING = YES;
				CLANG_WARN_BOOL_CONVERSION = YES;
				CLANG_WARN_COMMA = YES;
				CLANG_WARN_CONSTANT_CONVERSION = YES;
				CLANG_WARN_DEPRECATED_OBJC_IMPLEMENTATIONS = YES;
				CLANG_WARN_DIRECT_OBJC_ISA_USAGE = YES_ERROR;
				CLANG_WARN_DOCUMENTATION_COMMENTS = YES;
				CLANG_WARN_EMPTY_BODY = YES;
				CLANG_WARN_ENUM_CONVERSION = YES;
				CLANG_WARN_INFINITE_RECURSION = YES;
				CLANG_WARN_INT_CONVERSION = YES;
				CLANG_WARN_NON_LITERAL_NULL_CONVERSION = YES;
				CLANG_WARN_OBJC_IMPLICIT_RETAIN_SELF = YES;
				CLANG_WARN_OBJC_LITERAL_CONVERSION = YES;
				CLANG_WARN_OBJC_ROOT_CLASS = YES_ERROR;
				CLANG_WARN_RANGE_LOOP_ANALYSIS = YES;
				CLANG_WARN_STRICT_PROTOTYPES = YES;
				CLANG_WARN_SUSPICIOUS_MOVE = YES;
				CLANG_WARN_UNGUARDED_AVAILABILITY = YES_AGGRESSIVE;
				CLANG_WARN_UNREACHABLE_CODE = YES;
				CLANG_WARN__DUPLICATE_METHOD_MATCH = YES;
				CODE_SIGN_IDENTITY = "iPhone Developer";
				COPY_PHASE_STRIP = NO;
				DEBUG_INFORMATION_FORMAT = "dwarf-with-dsym";
				ENABLE_NS_ASSERTIONS = NO;
				ENABLE_STRICT_OBJC_MSGSEND = YES;
				GCC_C_LANGUAGE_STANDARD = gnu11;
				GCC_NO_COMMON_BLOCKS = YES;
				GCC_WARN_64_TO_32_BIT_CONVERSION = YES;
				GCC_WARN_ABOUT_RETURN_TYPE = YES_ERROR;
				GCC_WARN_UNDECLARED_SELECTOR = YES;
				GCC_WARN_UNINITIALIZED_AUTOS = YES_AGGRESSIVE;
				GCC_WARN_UNUSED_FUNCTION = YES;
				GCC_WARN_UNUSED_VARIABLE = YES;
				IPHONEOS_DEPLOYMENT_TARGET = 12.0;
				MTL_ENABLE_DEBUG_INFO = NO;
				MTL_FAST_MATH = YES;
				SDKROOT = iphoneos;
				SWIFT_COMPILATION_MODE = wholemodule;
				SWIFT_OPTIMIZATION_LEVEL = "-O";
				VALIDATE_PRODUCT = YES;
			};
			name = Release;
		};
		42DDE06B2167E2AD0050F869 /* Debug */ = {
			isa = XCBuildConfiguration;
			buildSettings = {
				ASSETCATALOG_COMPILER_APPICON_NAME = AppIcon;
				CODE_SIGN_STYLE = Automatic;
				DEVELOPMENT_TEAM = 5NBUV2UMN5;
				INFOPLIST_FILE = aaadadfas/Info.plist;
				IPHONEOS_DEPLOYMENT_TARGET = 11.4;
				LD_RUNPATH_SEARCH_PATHS = (
					"$(inherited)",
					"@executable_path/Frameworks",
				);
				PRODUCT_BUNDLE_IDENTIFIER = exam.aaadadfas;
				PRODUCT_NAME = "$(TARGET_NAME)";
				SWIFT_VERSION = 4.2;
				TARGETED_DEVICE_FAMILY = "1,2";
			};
			name = Debug;
		};
		42DDE06C2167E2AD0050F869 /* Release */ = {
			isa = XCBuildConfiguration;
			buildSettings = {
				ASSETCATALOG_COMPILER_APPICON_NAME = AppIcon;
				CODE_SIGN_STYLE = Automatic;
				DEVELOPMENT_TEAM = 5NBUV2UMN5;
				INFOPLIST_FILE = aaadadfas/Info.plist;
				IPHONEOS_DEPLOYMENT_TARGET = 11.4;
				LD_RUNPATH_SEARCH_PATHS = (
					"$(inherited)",
					"@executable_path/Frameworks",
				);
				PRODUCT_BUNDLE_IDENTIFIER = exam.aaadadfas;
				PRODUCT_NAME = "$(TARGET_NAME)";
				SWIFT_VERSION = 4.2;
				TARGETED_DEVICE_FAMILY = "1,2";
			};
			name = Release;
		};
/* End XCBuildConfiguration section */

/* Begin XCConfigurationList section */
		42DDE0532167E2AB0050F869 /* Build configuration list for PBXProject "aaadadfas" */ = {
			isa = XCConfigurationList;
			buildConfigurations = (
				42DDE0682167E2AD0050F869 /* Debug */,
				42DDE0692167E2AD0050F869 /* Release */,
			);
			defaultConfigurationIsVisible = 0;
			defaultConfigurationName = Release;
		};
		42DDE06A2167E2AD0050F869 /* Build configuration list for PBXNativeTarget "aaadadfas" */ = {
			isa = XCConfigurationList;
			buildConfigurations = (
				42DDE06B2167E2AD0050F869 /* Debug */,
				42DDE06C2167E2AD0050F869 /* Release */,
			);
			defaultConfigurationIsVisible = 0;
			defaultConfigurationName = Release;
		};
/* End XCConfigurationList section */
	};
	rootObject = 42DDE0502167E2AB0050F869 /* Project object */;
}
